{
  "name": "test-package",
  "lockfileVersion": 3,
  "requires": true,
  "packages": {
    "": {
      "dependencies": {
        "@him0/ai-docs-sync": "^0.3.1"
      }
    },
    "node_modules/@him0/ai-docs-sync": {
      "version": "0.3.1",
      "resolved": "https://registry.npmjs.org/@him0/ai-docs-sync/-/ai-docs-sync-0.3.1.tgz",
      "integrity": "sha512-sQIPcZFE25MquXWKf3uD/jAnZzRYYs2yAb5rlP46y7bNLqFoc0V5YuyJmyB2IjBSuH/wWgImJ5SzCv+AmcIXgg==",
      "license": "MIT",
      "bin": {
        "ai-docs-sync": "dist/cli.js"
      },
      "engines": {
        "bun": ">=1.0.0",
        "node": ">=18.0.0"
      }
    }
  }
}
